
Microsoft Visual Studio Solution File, Format Version 12.00
# Visual Studio 15
VisualStudioVersion = 15.0.27130.2036
MinimumVisualStudioVersion = 10.0.40219.1
Project("{8BC9CEB8-8B4A-11D0-8D11-00A0C91BC942}") = "Procon2018", "Procon2018\Procon2018.vcxproj", "{D54F9A08-185E-47EE-AA27-E9F0F7415FB0}"
EndProject
Project("{8BC9CEB8-8B4A-11D0-8D11-00A0C91BC942}") = "SelfPlay", "SelfPlay\SelfPlay.vcxproj", "{90601A3F-FE80-4B74-951A-8CE05248292C}"
EndProject
Project("{8BC9CEB8-8B4A-11D0-8D11-00A0C91BC942}") = "SelfPlay_win", "SelfPlay_win\SelfPlay_win.vcxproj", "{D9E73C06-3BAA-43BE-8204-217A8F2677EC}"
EndProject
Project("{8BC9CEB8-8B4A-11D0-8D11-00A0C91BC942}") = "CudaLib", "CudaLib\CudaLib.vcxproj", "{0D80E00E-077E-4EFD-92AC-D10E39377D55}"
EndProject
Global
	GlobalSection(SolutionConfigurationPlatforms) = preSolution
		Debug|ARM = Debug|ARM
		Debug|x64 = Debug|x64
		Debug|x86 = Debug|x86
		Release|ARM = Release|ARM
		Release|x64 = Release|x64
		Release|x86 = Release|x86
	EndGlobalSection
	GlobalSection(ProjectConfigurationPlatforms) = postSolution
		{D54F9A08-185E-47EE-AA27-E9F0F7415FB0}.Debug|ARM.ActiveCfg = Debug|Win32
		{D54F9A08-185E-47EE-AA27-E9F0F7415FB0}.Debug|x64.ActiveCfg = Debug|x64
		{D54F9A08-185E-47EE-AA27-E9F0F7415FB0}.Debug|x64.Build.0 = Debug|x64
		{D54F9A08-185E-47EE-AA27-E9F0F7415FB0}.Debug|x86.ActiveCfg = Debug|Win32
		{D54F9A08-185E-47EE-AA27-E9F0F7415FB0}.Debug|x86.Build.0 = Debug|Win32
		{D54F9A08-185E-47EE-AA27-E9F0F7415FB0}.Release|ARM.ActiveCfg = Release|Win32
		{D54F9A08-185E-47EE-AA27-E9F0F7415FB0}.Release|x64.ActiveCfg = Release|x64
		{D54F9A08-185E-47EE-AA27-E9F0F7415FB0}.Release|x64.Build.0 = Release|x64
		{D54F9A08-185E-47EE-AA27-E9F0F7415FB0}.Release|x86.ActiveCfg = Release|Win32
		{D54F9A08-185E-47EE-AA27-E9F0F7415FB0}.Release|x86.Build.0 = Release|Win32
		{90601A3F-FE80-4B74-951A-8CE05248292C}.Debug|ARM.ActiveCfg = Debug|ARM
		{90601A3F-FE80-4B74-951A-8CE05248292C}.Debug|ARM.Build.0 = Debug|ARM
		{90601A3F-FE80-4B74-951A-8CE05248292C}.Debug|x64.ActiveCfg = Debug|x64
		{90601A3F-FE80-4B74-951A-8CE05248292C}.Debug|x64.Build.0 = Debug|x64
		{90601A3F-FE80-4B74-951A-8CE05248292C}.Debug|x86.ActiveCfg = Debug|x86
		{90601A3F-FE80-4B74-951A-8CE05248292C}.Debug|x86.Build.0 = Debug|x86
		{90601A3F-FE80-4B74-951A-8CE05248292C}.Release|ARM.ActiveCfg = Release|ARM
		{90601A3F-FE80-4B74-951A-8CE05248292C}.Release|ARM.Build.0 = Release|ARM
		{90601A3F-FE80-4B74-951A-8CE05248292C}.Release|x64.ActiveCfg = Release|x64
		{90601A3F-FE80-4B74-951A-8CE05248292C}.Release|x64.Build.0 = Release|x64
		{90601A3F-FE80-4B74-951A-8CE05248292C}.Release|x86.ActiveCfg = Release|x86
		{90601A3F-FE80-4B74-951A-8CE05248292C}.Release|x86.Build.0 = Release|x86
		{D9E73C06-3BAA-43BE-8204-217A8F2677EC}.Debug|ARM.ActiveCfg = Debug|Win32
		{D9E73C06-3BAA-43BE-8204-217A8F2677EC}.Debug|x64.ActiveCfg = Debug|x64
		{D9E73C06-3BAA-43BE-8204-217A8F2677EC}.Debug|x64.Build.0 = Debug|x64
		{D9E73C06-3BAA-43BE-8204-217A8F2677EC}.Debug|x86.ActiveCfg = Debug|Win32
		{D9E73C06-3BAA-43BE-8204-217A8F2677EC}.Debug|x86.Build.0 = Debug|Win32
		{D9E73C06-3BAA-43BE-8204-217A8F2677EC}.Release|ARM.ActiveCfg = Release|Win32
		{D9E73C06-3BAA-43BE-8204-217A8F2677EC}.Release|x64.ActiveCfg = Release|x64
		{D9E73C06-3BAA-43BE-8204-217A8F2677EC}.Release|x64.Build.0 = Release|x64
		{D9E73C06-3BAA-43BE-8204-217A8F2677EC}.Release|x86.ActiveCfg = Release|Win32
		{D9E73C06-3BAA-43BE-8204-217A8F2677EC}.Release|x86.Build.0 = Release|Win32
		{0D80E00E-077E-4EFD-92AC-D10E39377D55}.Debug|ARM.ActiveCfg = Debug|x64
		{0D80E00E-077E-4EFD-92AC-D10E39377D55}.Debug|x64.ActiveCfg = Debug|x64
		{0D80E00E-077E-4EFD-92AC-D10E39377D55}.Debug|x64.Build.0 = Debug|x64
		{0D80E00E-077E-4EFD-92AC-D10E39377D55}.Debug|x86.ActiveCfg = Debug|x64
		{0D80E00E-077E-4EFD-92AC-D10E39377D55}.Release|ARM.ActiveCfg = Release|x64
		{0D80E00E-077E-4EFD-92AC-D10E39377D55}.Release|x64.ActiveCfg = Release|x64
		{0D80E00E-077E-4EFD-92AC-D10E39377D55}.Release|x64.Build.0 = Release|x64
		{0D80E00E-077E-4EFD-92AC-D10E39377D55}.Release|x86.ActiveCfg = Release|x64
	EndGlobalSection
	GlobalSection(SolutionProperties) = preSolution
		HideSolutionNode = FALSE
	EndGlobalSection
	GlobalSection(ExtensibilityGlobals) = postSolution
		SolutionGuid = {8BB3209F-47A5-4467-945B-4CCC04B73A0A}
	EndGlobalSection
EndGlobal
